
Microsoft Visual Studio Solution File, Format Version 12.00
# Visual Studio Version 16
VisualStudioVersion = 16.0.29201.188
MinimumVisualStudioVersion = 10.0.40219.1
Project("{9A19103F-16F7-4668-BE54-9A1E7A4F7556}") = "单例模式", "单例模式\单例模式.csproj", "{95980539-CE15-473C-8204-77167A34A41D}"
EndProject
Project("{9A19103F-16F7-4668-BE54-9A1E7A4F7556}") = "简单工厂模式", "简单工厂模式\简单工厂模式.csproj", "{5EA44758-A35C-41BE-B736-197712C0B716}"
EndProject
Project("{9A19103F-16F7-4668-BE54-9A1E7A4F7556}") = "工厂方法模式", "工厂方法模式\工厂方法模式.csproj", "{5B8CB37A-5D2F-4644-BDCB-C97D050AD610}"
EndProject
Project("{9A19103F-16F7-4668-BE54-9A1E7A4F7556}") = "抽象工厂模式", "抽象工厂模式\抽象工厂模式.csproj", "{ABC72E7A-F449-4E54-BB03-D687FE1E6E26}"
EndProject
Project("{9A19103F-16F7-4668-BE54-9A1E7A4F7556}") = "建造者模式", "建造者模式\建造者模式.csproj", "{2AD428C5-B913-411E-9F19-94493EB4A388}"
EndProject
Project("{9A19103F-16F7-4668-BE54-9A1E7A4F7556}") = "原型模式", "原型模式\原型模式.csproj", "{1B2F5D9B-8E0C-405D-96CE-2975A7FFB9CC}"
EndProject
Project("{9A19103F-16F7-4668-BE54-9A1E7A4F7556}") = "适配器模式", "适配器模式\适配器模式.csproj", "{5EDA324F-31B4-4E05-AFF6-9DD341730676}"
EndProject
Project("{9A19103F-16F7-4668-BE54-9A1E7A4F7556}") = "桥接模式", "桥接模式\桥接模式.csproj", "{3E5067C6-D443-4D33-9612-D0DD521F14C2}"
EndProject
Project("{9A19103F-16F7-4668-BE54-9A1E7A4F7556}") = "装饰器模式", "装饰器模式\装饰器模式.csproj", "{EDB8E907-A8EA-4EC0-8028-C7D1516CA852}"
EndProject
Project("{9A19103F-16F7-4668-BE54-9A1E7A4F7556}") = "组合模式", "组合模式\组合模式.csproj", "{9D2F4A98-9327-43CC-A312-12089F776DE8}"
EndProject
Project("{9A19103F-16F7-4668-BE54-9A1E7A4F7556}") = "外观模式", "外观模式\外观模式.csproj", "{6EB638F9-1BCE-490E-BC8C-5D57309EC1AD}"
EndProject
Project("{9A19103F-16F7-4668-BE54-9A1E7A4F7556}") = "享元模式", "享元模式\享元模式.csproj", "{B4D0F48A-5EC1-412F-9AD6-0AC29CEE0C2B}"
EndProject
Project("{9A19103F-16F7-4668-BE54-9A1E7A4F7556}") = "代理模式", "代理模式\代理模式.csproj", "{F2803AA9-E781-43E8-84DC-5FA74F38399B}"
EndProject
Project("{FAE04EC0-301F-11D3-BF4B-00C04F79EFBC}") = "模板方法模式", "模板方法模式\模板方法模式.csproj", "{8E0A0ADA-70E6-4A65-9ADD-3188DD52D1ED}"
EndProject
Project("{FAE04EC0-301F-11D3-BF4B-00C04F79EFBC}") = "命令模式", "命令模式\命令模式.csproj", "{5F8FD60D-8635-484E-A590-9CD10CDDD58D}"
EndProject
Global
	GlobalSection(SolutionConfigurationPlatforms) = preSolution
		Debug|Any CPU = Debug|Any CPU
		Release|Any CPU = Release|Any CPU
	EndGlobalSection
	GlobalSection(ProjectConfigurationPlatforms) = postSolution
		{95980539-CE15-473C-8204-77167A34A41D}.Debug|Any CPU.ActiveCfg = Debug|Any CPU
		{95980539-CE15-473C-8204-77167A34A41D}.Debug|Any CPU.Build.0 = Debug|Any CPU
		{95980539-CE15-473C-8204-77167A34A41D}.Release|Any CPU.ActiveCfg = Release|Any CPU
		{95980539-CE15-473C-8204-77167A34A41D}.Release|Any CPU.Build.0 = Release|Any CPU
		{5EA44758-A35C-41BE-B736-197712C0B716}.Debug|Any CPU.ActiveCfg = Debug|Any CPU
		{5EA44758-A35C-41BE-B736-197712C0B716}.Debug|Any CPU.Build.0 = Debug|Any CPU
		{5EA44758-A35C-41BE-B736-197712C0B716}.Release|Any CPU.ActiveCfg = Release|Any CPU
		{5EA44758-A35C-41BE-B736-197712C0B716}.Release|Any CPU.Build.0 = Release|Any CPU
		{5B8CB37A-5D2F-4644-BDCB-C97D050AD610}.Debug|Any CPU.ActiveCfg = Debug|Any CPU
		{5B8CB37A-5D2F-4644-BDCB-C97D050AD610}.Debug|Any CPU.Build.0 = Debug|Any CPU
		{5B8CB37A-5D2F-4644-BDCB-C97D050AD610}.Release|Any CPU.ActiveCfg = Release|Any CPU
		{5B8CB37A-5D2F-4644-BDCB-C97D050AD610}.Release|Any CPU.Build.0 = Release|Any CPU
		{ABC72E7A-F449-4E54-BB03-D687FE1E6E26}.Debug|Any CPU.ActiveCfg = Debug|Any CPU
		{ABC72E7A-F449-4E54-BB03-D687FE1E6E26}.Debug|Any CPU.Build.0 = Debug|Any CPU
		{ABC72E7A-F449-4E54-BB03-D687FE1E6E26}.Release|Any CPU.ActiveCfg = Release|Any CPU
		{ABC72E7A-F449-4E54-BB03-D687FE1E6E26}.Release|Any CPU.Build.0 = Release|Any CPU
		{2AD428C5-B913-411E-9F19-94493EB4A388}.Debug|Any CPU.ActiveCfg = Debug|Any CPU
		{2AD428C5-B913-411E-9F19-94493EB4A388}.Debug|Any CPU.Build.0 = Debug|Any CPU
		{2AD428C5-B913-411E-9F19-94493EB4A388}.Release|Any CPU.ActiveCfg = Release|Any CPU
		{2AD428C5-B913-411E-9F19-94493EB4A388}.Release|Any CPU.Build.0 = Release|Any CPU
		{1B2F5D9B-8E0C-405D-96CE-2975A7FFB9CC}.Debug|Any CPU.ActiveCfg = Debug|Any CPU
		{1B2F5D9B-8E0C-405D-96CE-2975A7FFB9CC}.Debug|Any CPU.Build.0 = Debug|Any CPU
		{1B2F5D9B-8E0C-405D-96CE-2975A7FFB9CC}.Release|Any CPU.ActiveCfg = Release|Any CPU
		{1B2F5D9B-8E0C-405D-96CE-2975A7FFB9CC}.Release|Any CPU.Build.0 = Release|Any CPU
		{5EDA324F-31B4-4E05-AFF6-9DD341730676}.Debug|Any CPU.ActiveCfg = Debug|Any CPU
		{5EDA324F-31B4-4E05-AFF6-9DD341730676}.Debug|Any CPU.Build.0 = Debug|Any CPU
		{5EDA324F-31B4-4E05-AFF6-9DD341730676}.Release|Any CPU.ActiveCfg = Release|Any CPU
		{5EDA324F-31B4-4E05-AFF6-9DD341730676}.Release|Any CPU.Build.0 = Release|Any CPU
		{3E5067C6-D443-4D33-9612-D0DD521F14C2}.Debug|Any CPU.ActiveCfg = Debug|Any CPU
		{3E5067C6-D443-4D33-9612-D0DD521F14C2}.Debug|Any CPU.Build.0 = Debug|Any CPU
		{3E5067C6-D443-4D33-9612-D0DD521F14C2}.Release|Any CPU.ActiveCfg = Release|Any CPU
		{3E5067C6-D443-4D33-9612-D0DD521F14C2}.Release|Any CPU.Build.0 = Release|Any CPU
		{EDB8E907-A8EA-4EC0-8028-C7D1516CA852}.Debug|Any CPU.ActiveCfg = Debug|Any CPU
		{EDB8E907-A8EA-4EC0-8028-C7D1516CA852}.Debug|Any CPU.Build.0 = Debug|Any CPU
		{EDB8E907-A8EA-4EC0-8028-C7D1516CA852}.Release|Any CPU.ActiveCfg = Release|Any CPU
		{EDB8E907-A8EA-4EC0-8028-C7D1516CA852}.Release|Any CPU.Build.0 = Release|Any CPU
		{9D2F4A98-9327-43CC-A312-12089F776DE8}.Debug|Any CPU.ActiveCfg = Debug|Any CPU
		{9D2F4A98-9327-43CC-A312-12089F776DE8}.Debug|Any CPU.Build.0 = Debug|Any CPU
		{9D2F4A98-9327-43CC-A312-12089F776DE8}.Release|Any CPU.ActiveCfg = Release|Any CPU
		{9D2F4A98-9327-43CC-A312-12089F776DE8}.Release|Any CPU.Build.0 = Release|Any CPU
		{6EB638F9-1BCE-490E-BC8C-5D57309EC1AD}.Debug|Any CPU.ActiveCfg = Debug|Any CPU
		{6EB638F9-1BCE-490E-BC8C-5D57309EC1AD}.Debug|Any CPU.Build.0 = Debug|Any CPU
		{6EB638F9-1BCE-490E-BC8C-5D57309EC1AD}.Release|Any CPU.ActiveCfg = Release|Any CPU
		{6EB638F9-1BCE-490E-BC8C-5D57309EC1AD}.Release|Any CPU.Build.0 = Release|Any CPU
		{B4D0F48A-5EC1-412F-9AD6-0AC29CEE0C2B}.Debug|Any CPU.ActiveCfg = Debug|Any CPU
		{B4D0F48A-5EC1-412F-9AD6-0AC29CEE0C2B}.Debug|Any CPU.Build.0 = Debug|Any CPU
		{B4D0F48A-5EC1-412F-9AD6-0AC29CEE0C2B}.Release|Any CPU.ActiveCfg = Release|Any CPU
		{B4D0F48A-5EC1-412F-9AD6-0AC29CEE0C2B}.Release|Any CPU.Build.0 = Release|Any CPU
		{F2803AA9-E781-43E8-84DC-5FA74F38399B}.Debug|Any CPU.ActiveCfg = Debug|Any CPU
		{F2803AA9-E781-43E8-84DC-5FA74F38399B}.Debug|Any CPU.Build.0 = Debug|Any CPU
		{F2803AA9-E781-43E8-84DC-5FA74F38399B}.Release|Any CPU.ActiveCfg = Release|Any CPU
		{F2803AA9-E781-43E8-84DC-5FA74F38399B}.Release|Any CPU.Build.0 = Release|Any CPU
		{8E0A0ADA-70E6-4A65-9ADD-3188DD52D1ED}.Debug|Any CPU.ActiveCfg = Debug|Any CPU
		{8E0A0ADA-70E6-4A65-9ADD-3188DD52D1ED}.Debug|Any CPU.Build.0 = Debug|Any CPU
		{8E0A0ADA-70E6-4A65-9ADD-3188DD52D1ED}.Release|Any CPU.ActiveCfg = Release|Any CPU
		{8E0A0ADA-70E6-4A65-9ADD-3188DD52D1ED}.Release|Any CPU.Build.0 = Release|Any CPU
		{5F8FD60D-8635-484E-A590-9CD10CDDD58D}.Debug|Any CPU.ActiveCfg = Debug|Any CPU
		{5F8FD60D-8635-484E-A590-9CD10CDDD58D}.Debug|Any CPU.Build.0 = Debug|Any CPU
		{5F8FD60D-8635-484E-A590-9CD10CDDD58D}.Release|Any CPU.ActiveCfg = Release|Any CPU
		{5F8FD60D-8635-484E-A590-9CD10CDDD58D}.Release|Any CPU.Build.0 = Release|Any CPU
	EndGlobalSection
	GlobalSection(SolutionProperties) = preSolution
		HideSolutionNode = FALSE
	EndGlobalSection
	GlobalSection(ExtensibilityGlobals) = postSolution
		SolutionGuid = {9071D9F0-A1E0-4A7F-9B7E-1DB421702E79}
	EndGlobalSection
EndGlobal
